
Microsoft Visual Studio Solution File, Format Version 12.00
# Visual Studio Version 16
VisualStudioVersion = 16.0.30114.105
MinimumVisualStudioVersion = 10.0.40219.1
Project("{9A19103F-16F7-4668-BE54-9A1E7A4F7556}") = "IdentityServer", "IdentityServer\IdentityServer.csproj", "{A2433DFB-02A0-44D7-80B1-CFADBA1D4C1D}"
EndProject
Project("{9A19103F-16F7-4668-BE54-9A1E7A4F7556}") = "WardrobeApi", "WardrobeApi\WardrobeApi.csproj", "{09355CD9-5004-4461-B7A8-2450449A0BE5}"
EndProject
Project("{9A19103F-16F7-4668-BE54-9A1E7A4F7556}") = "DbLib", "DbLib\DbLib.csproj", "{76D735EC-DBFC-4E15-B285-806670BFE18C}"
EndProject
Project("{FAE04EC0-301F-11D3-BF4B-00C04F79EFBC}") = "ApiTests", "ApiTests\ApiTests.csproj", "{3590ECB9-B4A7-48C2-9A73-F1AD174D0BA9}"
EndProject
Global
	GlobalSection(SolutionConfigurationPlatforms) = preSolution
		Debug|Any CPU = Debug|Any CPU
		Debug|x64 = Debug|x64
		Debug|x86 = Debug|x86
		Release|Any CPU = Release|Any CPU
		Release|x64 = Release|x64
		Release|x86 = Release|x86
	EndGlobalSection
	GlobalSection(ProjectConfigurationPlatforms) = postSolution
		{A2433DFB-02A0-44D7-80B1-CFADBA1D4C1D}.Debug|Any CPU.ActiveCfg = Debug|Any CPU
		{A2433DFB-02A0-44D7-80B1-CFADBA1D4C1D}.Debug|Any CPU.Build.0 = Debug|Any CPU
		{A2433DFB-02A0-44D7-80B1-CFADBA1D4C1D}.Debug|x64.ActiveCfg = Debug|Any CPU
		{A2433DFB-02A0-44D7-80B1-CFADBA1D4C1D}.Debug|x64.Build.0 = Debug|Any CPU
		{A2433DFB-02A0-44D7-80B1-CFADBA1D4C1D}.Debug|x86.ActiveCfg = Debug|Any CPU
		{A2433DFB-02A0-44D7-80B1-CFADBA1D4C1D}.Debug|x86.Build.0 = Debug|Any CPU
		{A2433DFB-02A0-44D7-80B1-CFADBA1D4C1D}.Release|Any CPU.ActiveCfg = Release|Any CPU
		{A2433DFB-02A0-44D7-80B1-CFADBA1D4C1D}.Release|Any CPU.Build.0 = Release|Any CPU
		{A2433DFB-02A0-44D7-80B1-CFADBA1D4C1D}.Release|x64.ActiveCfg = Release|Any CPU
		{A2433DFB-02A0-44D7-80B1-CFADBA1D4C1D}.Release|x64.Build.0 = Release|Any CPU
		{A2433DFB-02A0-44D7-80B1-CFADBA1D4C1D}.Release|x86.ActiveCfg = Release|Any CPU
		{A2433DFB-02A0-44D7-80B1-CFADBA1D4C1D}.Release|x86.Build.0 = Release|Any CPU
		{09355CD9-5004-4461-B7A8-2450449A0BE5}.Debug|Any CPU.ActiveCfg = Debug|Any CPU
		{09355CD9-5004-4461-B7A8-2450449A0BE5}.Debug|Any CPU.Build.0 = Debug|Any CPU
		{09355CD9-5004-4461-B7A8-2450449A0BE5}.Debug|x64.ActiveCfg = Debug|Any CPU
		{09355CD9-5004-4461-B7A8-2450449A0BE5}.Debug|x64.Build.0 = Debug|Any CPU
		{09355CD9-5004-4461-B7A8-2450449A0BE5}.Debug|x86.ActiveCfg = Debug|Any CPU
		{09355CD9-5004-4461-B7A8-2450449A0BE5}.Debug|x86.Build.0 = Debug|Any CPU
		{09355CD9-5004-4461-B7A8-2450449A0BE5}.Release|Any CPU.ActiveCfg = Release|Any CPU
		{09355CD9-5004-4461-B7A8-2450449A0BE5}.Release|Any CPU.Build.0 = Release|Any CPU
		{09355CD9-5004-4461-B7A8-2450449A0BE5}.Release|x64.ActiveCfg = Release|Any CPU
		{09355CD9-5004-4461-B7A8-2450449A0BE5}.Release|x64.Build.0 = Release|Any CPU
		{09355CD9-5004-4461-B7A8-2450449A0BE5}.Release|x86.ActiveCfg = Release|Any CPU
		{09355CD9-5004-4461-B7A8-2450449A0BE5}.Release|x86.Build.0 = Release|Any CPU
		{76D735EC-DBFC-4E15-B285-806670BFE18C}.Debug|Any CPU.ActiveCfg = Debug|Any CPU
		{76D735EC-DBFC-4E15-B285-806670BFE18C}.Debug|Any CPU.Build.0 = Debug|Any CPU
		{76D735EC-DBFC-4E15-B285-806670BFE18C}.Debug|x64.ActiveCfg = Debug|Any CPU
		{76D735EC-DBFC-4E15-B285-806670BFE18C}.Debug|x64.Build.0 = Debug|Any CPU
		{76D735EC-DBFC-4E15-B285-806670BFE18C}.Debug|x86.ActiveCfg = Debug|Any CPU
		{76D735EC-DBFC-4E15-B285-806670BFE18C}.Debug|x86.Build.0 = Debug|Any CPU
		{76D735EC-DBFC-4E15-B285-806670BFE18C}.Release|Any CPU.ActiveCfg = Release|Any CPU
		{76D735EC-DBFC-4E15-B285-806670BFE18C}.Release|Any CPU.Build.0 = Release|Any CPU
		{76D735EC-DBFC-4E15-B285-806670BFE18C}.Release|x64.ActiveCfg = Release|Any CPU
		{76D735EC-DBFC-4E15-B285-806670BFE18C}.Release|x64.Build.0 = Release|Any CPU
		{76D735EC-DBFC-4E15-B285-806670BFE18C}.Release|x86.ActiveCfg = Release|Any CPU
		{76D735EC-DBFC-4E15-B285-806670BFE18C}.Release|x86.Build.0 = Release|Any CPU
		{3590ECB9-B4A7-48C2-9A73-F1AD174D0BA9}.Debug|Any CPU.ActiveCfg = Debug|Any CPU
		{3590ECB9-B4A7-48C2-9A73-F1AD174D0BA9}.Debug|Any CPU.Build.0 = Debug|Any CPU
		{3590ECB9-B4A7-48C2-9A73-F1AD174D0BA9}.Debug|x64.ActiveCfg = Debug|Any CPU
		{3590ECB9-B4A7-48C2-9A73-F1AD174D0BA9}.Debug|x64.Build.0 = Debug|Any CPU
		{3590ECB9-B4A7-48C2-9A73-F1AD174D0BA9}.Debug|x86.ActiveCfg = Debug|Any CPU
		{3590ECB9-B4A7-48C2-9A73-F1AD174D0BA9}.Debug|x86.Build.0 = Debug|Any CPU
		{3590ECB9-B4A7-48C2-9A73-F1AD174D0BA9}.Release|Any CPU.ActiveCfg = Release|Any CPU
		{3590ECB9-B4A7-48C2-9A73-F1AD174D0BA9}.Release|Any CPU.Build.0 = Release|Any CPU
		{3590ECB9-B4A7-48C2-9A73-F1AD174D0BA9}.Release|x64.ActiveCfg = Release|Any CPU
		{3590ECB9-B4A7-48C2-9A73-F1AD174D0BA9}.Release|x64.Build.0 = Release|Any CPU
		{3590ECB9-B4A7-48C2-9A73-F1AD174D0BA9}.Release|x86.ActiveCfg = Release|Any CPU
		{3590ECB9-B4A7-48C2-9A73-F1AD174D0BA9}.Release|x86.Build.0 = Release|Any CPU
	EndGlobalSection
	GlobalSection(SolutionProperties) = preSolution
		HideSolutionNode = FALSE
	EndGlobalSection
	GlobalSection(ExtensibilityGlobals) = postSolution
		SolutionGuid = {B5BE37D9-B5E2-4767-9801-397F4171B4E8}
	EndGlobalSection
EndGlobal
